
Microsoft Visual Studio Solution File, Format Version 12.00
# Visual Studio 15
VisualStudioVersion = 15.0.26124.0
MinimumVisualStudioVersion = 15.0.26124.0
Project("{FAE04EC0-301F-11D3-BF4B-00C04F79EFBC}") = "service", "service\Service.csproj", "{995646D0-560E-4F3D-9DB4-ECB07C94252C}"
EndProject
Project("{FAE04EC0-301F-11D3-BF4B-00C04F79EFBC}") = "Businesslayer", "Businesslayer\Businesslayer.csproj", "{550A8162-FBA2-42B5-B52C-7CF6B48B9626}"
EndProject
Project("{FAE04EC0-301F-11D3-BF4B-00C04F79EFBC}") = "ibusinesslayer", "Ibusinesslayer\IBusinesslayer.csproj", "{4B62D0E4-CDED-4694-AEFB-0548EF8C76AD}"
EndProject
Project("{FAE04EC0-301F-11D3-BF4B-00C04F79EFBC}") = "ipersistance", "Ipersistence\IPersistance.csproj", "{632AD1A8-3B58-4A38-A216-C8EA106303A5}"
EndProject
Project("{FAE04EC0-301F-11D3-BF4B-00C04F79EFBC}") = "model", "model\Model.csproj", "{E787E4B2-B72A-42B7-9BD5-8DD4A19A8875}"
EndProject
Project("{FAE04EC0-301F-11D3-BF4B-00C04F79EFBC}") = "persistence", "persistence\Persistence.csproj", "{335C19C0-6404-42E6-88F9-4E8C04DB6D9D}"
EndProject
Global
	GlobalSection(SolutionConfigurationPlatforms) = preSolution
		Debug|Any CPU = Debug|Any CPU
		Debug|x64 = Debug|x64
		Debug|x86 = Debug|x86
		Release|Any CPU = Release|Any CPU
		Release|x64 = Release|x64
		Release|x86 = Release|x86
	EndGlobalSection
	GlobalSection(SolutionProperties) = preSolution
		HideSolutionNode = FALSE
	EndGlobalSection
	GlobalSection(ProjectConfigurationPlatforms) = postSolution
		{995646D0-560E-4F3D-9DB4-ECB07C94252C}.Debug|Any CPU.ActiveCfg = Debug|Any CPU
		{995646D0-560E-4F3D-9DB4-ECB07C94252C}.Debug|Any CPU.Build.0 = Debug|Any CPU
		{995646D0-560E-4F3D-9DB4-ECB07C94252C}.Debug|x64.ActiveCfg = Debug|Any CPU
		{995646D0-560E-4F3D-9DB4-ECB07C94252C}.Debug|x64.Build.0 = Debug|Any CPU
		{995646D0-560E-4F3D-9DB4-ECB07C94252C}.Debug|x86.ActiveCfg = Debug|Any CPU
		{995646D0-560E-4F3D-9DB4-ECB07C94252C}.Debug|x86.Build.0 = Debug|Any CPU
		{995646D0-560E-4F3D-9DB4-ECB07C94252C}.Release|Any CPU.ActiveCfg = Release|Any CPU
		{995646D0-560E-4F3D-9DB4-ECB07C94252C}.Release|Any CPU.Build.0 = Release|Any CPU
		{995646D0-560E-4F3D-9DB4-ECB07C94252C}.Release|x64.ActiveCfg = Release|Any CPU
		{995646D0-560E-4F3D-9DB4-ECB07C94252C}.Release|x64.Build.0 = Release|Any CPU
		{995646D0-560E-4F3D-9DB4-ECB07C94252C}.Release|x86.ActiveCfg = Release|Any CPU
		{995646D0-560E-4F3D-9DB4-ECB07C94252C}.Release|x86.Build.0 = Release|Any CPU
		{550A8162-FBA2-42B5-B52C-7CF6B48B9626}.Debug|Any CPU.ActiveCfg = Debug|Any CPU
		{550A8162-FBA2-42B5-B52C-7CF6B48B9626}.Debug|Any CPU.Build.0 = Debug|Any CPU
		{550A8162-FBA2-42B5-B52C-7CF6B48B9626}.Debug|x64.ActiveCfg = Debug|Any CPU
		{550A8162-FBA2-42B5-B52C-7CF6B48B9626}.Debug|x64.Build.0 = Debug|Any CPU
		{550A8162-FBA2-42B5-B52C-7CF6B48B9626}.Debug|x86.ActiveCfg = Debug|Any CPU
		{550A8162-FBA2-42B5-B52C-7CF6B48B9626}.Debug|x86.Build.0 = Debug|Any CPU
		{550A8162-FBA2-42B5-B52C-7CF6B48B9626}.Release|Any CPU.ActiveCfg = Release|Any CPU
		{550A8162-FBA2-42B5-B52C-7CF6B48B9626}.Release|Any CPU.Build.0 = Release|Any CPU
		{550A8162-FBA2-42B5-B52C-7CF6B48B9626}.Release|x64.ActiveCfg = Release|Any CPU
		{550A8162-FBA2-42B5-B52C-7CF6B48B9626}.Release|x64.Build.0 = Release|Any CPU
		{550A8162-FBA2-42B5-B52C-7CF6B48B9626}.Release|x86.ActiveCfg = Release|Any CPU
		{550A8162-FBA2-42B5-B52C-7CF6B48B9626}.Release|x86.Build.0 = Release|Any CPU
		{4B62D0E4-CDED-4694-AEFB-0548EF8C76AD}.Debug|Any CPU.ActiveCfg = Debug|Any CPU
		{4B62D0E4-CDED-4694-AEFB-0548EF8C76AD}.Debug|Any CPU.Build.0 = Debug|Any CPU
		{4B62D0E4-CDED-4694-AEFB-0548EF8C76AD}.Debug|x64.ActiveCfg = Debug|Any CPU
		{4B62D0E4-CDED-4694-AEFB-0548EF8C76AD}.Debug|x64.Build.0 = Debug|Any CPU
		{4B62D0E4-CDED-4694-AEFB-0548EF8C76AD}.Debug|x86.ActiveCfg = Debug|Any CPU
		{4B62D0E4-CDED-4694-AEFB-0548EF8C76AD}.Debug|x86.Build.0 = Debug|Any CPU
		{4B62D0E4-CDED-4694-AEFB-0548EF8C76AD}.Release|Any CPU.ActiveCfg = Release|Any CPU
		{4B62D0E4-CDED-4694-AEFB-0548EF8C76AD}.Release|Any CPU.Build.0 = Release|Any CPU
		{4B62D0E4-CDED-4694-AEFB-0548EF8C76AD}.Release|x64.ActiveCfg = Release|Any CPU
		{4B62D0E4-CDED-4694-AEFB-0548EF8C76AD}.Release|x64.Build.0 = Release|Any CPU
		{4B62D0E4-CDED-4694-AEFB-0548EF8C76AD}.Release|x86.ActiveCfg = Release|Any CPU
		{4B62D0E4-CDED-4694-AEFB-0548EF8C76AD}.Release|x86.Build.0 = Release|Any CPU
		{632AD1A8-3B58-4A38-A216-C8EA106303A5}.Debug|Any CPU.ActiveCfg = Debug|Any CPU
		{632AD1A8-3B58-4A38-A216-C8EA106303A5}.Debug|Any CPU.Build.0 = Debug|Any CPU
		{632AD1A8-3B58-4A38-A216-C8EA106303A5}.Debug|x64.ActiveCfg = Debug|Any CPU
		{632AD1A8-3B58-4A38-A216-C8EA106303A5}.Debug|x64.Build.0 = Debug|Any CPU
		{632AD1A8-3B58-4A38-A216-C8EA106303A5}.Debug|x86.ActiveCfg = Debug|Any CPU
		{632AD1A8-3B58-4A38-A216-C8EA106303A5}.Debug|x86.Build.0 = Debug|Any CPU
		{632AD1A8-3B58-4A38-A216-C8EA106303A5}.Release|Any CPU.ActiveCfg = Release|Any CPU
		{632AD1A8-3B58-4A38-A216-C8EA106303A5}.Release|Any CPU.Build.0 = Release|Any CPU
		{632AD1A8-3B58-4A38-A216-C8EA106303A5}.Release|x64.ActiveCfg = Release|Any CPU
		{632AD1A8-3B58-4A38-A216-C8EA106303A5}.Release|x64.Build.0 = Release|Any CPU
		{632AD1A8-3B58-4A38-A216-C8EA106303A5}.Release|x86.ActiveCfg = Release|Any CPU
		{632AD1A8-3B58-4A38-A216-C8EA106303A5}.Release|x86.Build.0 = Release|Any CPU
		{E787E4B2-B72A-42B7-9BD5-8DD4A19A8875}.Debug|Any CPU.ActiveCfg = Debug|Any CPU
		{E787E4B2-B72A-42B7-9BD5-8DD4A19A8875}.Debug|Any CPU.Build.0 = Debug|Any CPU
		{E787E4B2-B72A-42B7-9BD5-8DD4A19A8875}.Debug|x64.ActiveCfg = Debug|Any CPU
		{E787E4B2-B72A-42B7-9BD5-8DD4A19A8875}.Debug|x64.Build.0 = Debug|Any CPU
		{E787E4B2-B72A-42B7-9BD5-8DD4A19A8875}.Debug|x86.ActiveCfg = Debug|Any CPU
		{E787E4B2-B72A-42B7-9BD5-8DD4A19A8875}.Debug|x86.Build.0 = Debug|Any CPU
		{E787E4B2-B72A-42B7-9BD5-8DD4A19A8875}.Release|Any CPU.ActiveCfg = Release|Any CPU
		{E787E4B2-B72A-42B7-9BD5-8DD4A19A8875}.Release|Any CPU.Build.0 = Release|Any CPU
		{E787E4B2-B72A-42B7-9BD5-8DD4A19A8875}.Release|x64.ActiveCfg = Release|Any CPU
		{E787E4B2-B72A-42B7-9BD5-8DD4A19A8875}.Release|x64.Build.0 = Release|Any CPU
		{E787E4B2-B72A-42B7-9BD5-8DD4A19A8875}.Release|x86.ActiveCfg = Release|Any CPU
		{E787E4B2-B72A-42B7-9BD5-8DD4A19A8875}.Release|x86.Build.0 = Release|Any CPU
		{335C19C0-6404-42E6-88F9-4E8C04DB6D9D}.Debug|Any CPU.ActiveCfg = Debug|Any CPU
		{335C19C0-6404-42E6-88F9-4E8C04DB6D9D}.Debug|Any CPU.Build.0 = Debug|Any CPU
		{335C19C0-6404-42E6-88F9-4E8C04DB6D9D}.Debug|x64.ActiveCfg = Debug|Any CPU
		{335C19C0-6404-42E6-88F9-4E8C04DB6D9D}.Debug|x64.Build.0 = Debug|Any CPU
		{335C19C0-6404-42E6-88F9-4E8C04DB6D9D}.Debug|x86.ActiveCfg = Debug|Any CPU
		{335C19C0-6404-42E6-88F9-4E8C04DB6D9D}.Debug|x86.Build.0 = Debug|Any CPU
		{335C19C0-6404-42E6-88F9-4E8C04DB6D9D}.Release|Any CPU.ActiveCfg = Release|Any CPU
		{335C19C0-6404-42E6-88F9-4E8C04DB6D9D}.Release|Any CPU.Build.0 = Release|Any CPU
		{335C19C0-6404-42E6-88F9-4E8C04DB6D9D}.Release|x64.ActiveCfg = Release|Any CPU
		{335C19C0-6404-42E6-88F9-4E8C04DB6D9D}.Release|x64.Build.0 = Release|Any CPU
		{335C19C0-6404-42E6-88F9-4E8C04DB6D9D}.Release|x86.ActiveCfg = Release|Any CPU
		{335C19C0-6404-42E6-88F9-4E8C04DB6D9D}.Release|x86.Build.0 = Release|Any CPU
	EndGlobalSection
EndGlobal
