
Microsoft Visual Studio Solution File, Format Version 12.00
# Visual Studio Version 16
VisualStudioVersion = 16.0.30611.23
MinimumVisualStudioVersion = 15.0.26124.0
Project("{9A19103F-16F7-4668-BE54-9A1E7A4F7556}") = "Service", "service\Service.csproj", "{995646D0-560E-4F3D-9DB4-ECB07C94252C}"
EndProject
Project("{9A19103F-16F7-4668-BE54-9A1E7A4F7556}") = "Businesslayer", "Businesslayer\Businesslayer.csproj", "{550A8162-FBA2-42B5-B52C-7CF6B48B9626}"
EndProject
Project("{9A19103F-16F7-4668-BE54-9A1E7A4F7556}") = "Model", "model\Model.csproj", "{E787E4B2-B72A-42B7-9BD5-8DD4A19A8875}"
EndProject
Project("{9A19103F-16F7-4668-BE54-9A1E7A4F7556}") = "Persistence", "persistence\Persistence.csproj", "{335C19C0-6404-42E6-88F9-4E8C04DB6D9D}"
EndProject
Project("{9A19103F-16F7-4668-BE54-9A1E7A4F7556}") = "Shared", "Shared\Shared.csproj", "{EE716346-F6FD-4C7E-8454-13F3C97D354E}"
EndProject
Project("{9A19103F-16F7-4668-BE54-9A1E7A4F7556}") = "ViewModel", "ViewModel\ViewModel.csproj", "{D17842E5-E025-4A45-B3FE-9B4E4745D839}"
EndProject
Project("{9A19103F-16F7-4668-BE54-9A1E7A4F7556}") = "Middleware", "Middleware\Middleware.csproj", "{68FD1E6F-7AF2-4566-B175-ECF7FD847DE4}"
EndProject
Global
	GlobalSection(SolutionConfigurationPlatforms) = preSolution
		Debug|Any CPU = Debug|Any CPU
		Debug|x64 = Debug|x64
		Debug|x86 = Debug|x86
		Release|Any CPU = Release|Any CPU
		Release|x64 = Release|x64
		Release|x86 = Release|x86
	EndGlobalSection
	GlobalSection(ProjectConfigurationPlatforms) = postSolution
		{995646D0-560E-4F3D-9DB4-ECB07C94252C}.Debug|Any CPU.ActiveCfg = Debug|Any CPU
		{995646D0-560E-4F3D-9DB4-ECB07C94252C}.Debug|Any CPU.Build.0 = Debug|Any CPU
		{995646D0-560E-4F3D-9DB4-ECB07C94252C}.Debug|x64.ActiveCfg = Debug|Any CPU
		{995646D0-560E-4F3D-9DB4-ECB07C94252C}.Debug|x64.Build.0 = Debug|Any CPU
		{995646D0-560E-4F3D-9DB4-ECB07C94252C}.Debug|x86.ActiveCfg = Debug|Any CPU
		{995646D0-560E-4F3D-9DB4-ECB07C94252C}.Debug|x86.Build.0 = Debug|Any CPU
		{995646D0-560E-4F3D-9DB4-ECB07C94252C}.Release|Any CPU.ActiveCfg = Release|Any CPU
		{995646D0-560E-4F3D-9DB4-ECB07C94252C}.Release|Any CPU.Build.0 = Release|Any CPU
		{995646D0-560E-4F3D-9DB4-ECB07C94252C}.Release|x64.ActiveCfg = Release|Any CPU
		{995646D0-560E-4F3D-9DB4-ECB07C94252C}.Release|x64.Build.0 = Release|Any CPU
		{995646D0-560E-4F3D-9DB4-ECB07C94252C}.Release|x86.ActiveCfg = Release|Any CPU
		{995646D0-560E-4F3D-9DB4-ECB07C94252C}.Release|x86.Build.0 = Release|Any CPU
		{550A8162-FBA2-42B5-B52C-7CF6B48B9626}.Debug|Any CPU.ActiveCfg = Debug|Any CPU
		{550A8162-FBA2-42B5-B52C-7CF6B48B9626}.Debug|Any CPU.Build.0 = Debug|Any CPU
		{550A8162-FBA2-42B5-B52C-7CF6B48B9626}.Debug|x64.ActiveCfg = Debug|Any CPU
		{550A8162-FBA2-42B5-B52C-7CF6B48B9626}.Debug|x64.Build.0 = Debug|Any CPU
		{550A8162-FBA2-42B5-B52C-7CF6B48B9626}.Debug|x86.ActiveCfg = Debug|Any CPU
		{550A8162-FBA2-42B5-B52C-7CF6B48B9626}.Debug|x86.Build.0 = Debug|Any CPU
		{550A8162-FBA2-42B5-B52C-7CF6B48B9626}.Release|Any CPU.ActiveCfg = Release|Any CPU
		{550A8162-FBA2-42B5-B52C-7CF6B48B9626}.Release|Any CPU.Build.0 = Release|Any CPU
		{550A8162-FBA2-42B5-B52C-7CF6B48B9626}.Release|x64.ActiveCfg = Release|Any CPU
		{550A8162-FBA2-42B5-B52C-7CF6B48B9626}.Release|x64.Build.0 = Release|Any CPU
		{550A8162-FBA2-42B5-B52C-7CF6B48B9626}.Release|x86.ActiveCfg = Release|Any CPU
		{550A8162-FBA2-42B5-B52C-7CF6B48B9626}.Release|x86.Build.0 = Release|Any CPU
		{E787E4B2-B72A-42B7-9BD5-8DD4A19A8875}.Debug|Any CPU.ActiveCfg = Debug|Any CPU
		{E787E4B2-B72A-42B7-9BD5-8DD4A19A8875}.Debug|Any CPU.Build.0 = Debug|Any CPU
		{E787E4B2-B72A-42B7-9BD5-8DD4A19A8875}.Debug|x64.ActiveCfg = Debug|Any CPU
		{E787E4B2-B72A-42B7-9BD5-8DD4A19A8875}.Debug|x64.Build.0 = Debug|Any CPU
		{E787E4B2-B72A-42B7-9BD5-8DD4A19A8875}.Debug|x86.ActiveCfg = Debug|Any CPU
		{E787E4B2-B72A-42B7-9BD5-8DD4A19A8875}.Debug|x86.Build.0 = Debug|Any CPU
		{E787E4B2-B72A-42B7-9BD5-8DD4A19A8875}.Release|Any CPU.ActiveCfg = Release|Any CPU
		{E787E4B2-B72A-42B7-9BD5-8DD4A19A8875}.Release|Any CPU.Build.0 = Release|Any CPU
		{E787E4B2-B72A-42B7-9BD5-8DD4A19A8875}.Release|x64.ActiveCfg = Release|Any CPU
		{E787E4B2-B72A-42B7-9BD5-8DD4A19A8875}.Release|x64.Build.0 = Release|Any CPU
		{E787E4B2-B72A-42B7-9BD5-8DD4A19A8875}.Release|x86.ActiveCfg = Release|Any CPU
		{E787E4B2-B72A-42B7-9BD5-8DD4A19A8875}.Release|x86.Build.0 = Release|Any CPU
		{335C19C0-6404-42E6-88F9-4E8C04DB6D9D}.Debug|Any CPU.ActiveCfg = Debug|Any CPU
		{335C19C0-6404-42E6-88F9-4E8C04DB6D9D}.Debug|Any CPU.Build.0 = Debug|Any CPU
		{335C19C0-6404-42E6-88F9-4E8C04DB6D9D}.Debug|x64.ActiveCfg = Debug|Any CPU
		{335C19C0-6404-42E6-88F9-4E8C04DB6D9D}.Debug|x64.Build.0 = Debug|Any CPU
		{335C19C0-6404-42E6-88F9-4E8C04DB6D9D}.Debug|x86.ActiveCfg = Debug|Any CPU
		{335C19C0-6404-42E6-88F9-4E8C04DB6D9D}.Debug|x86.Build.0 = Debug|Any CPU
		{335C19C0-6404-42E6-88F9-4E8C04DB6D9D}.Release|Any CPU.ActiveCfg = Release|Any CPU
		{335C19C0-6404-42E6-88F9-4E8C04DB6D9D}.Release|Any CPU.Build.0 = Release|Any CPU
		{335C19C0-6404-42E6-88F9-4E8C04DB6D9D}.Release|x64.ActiveCfg = Release|Any CPU
		{335C19C0-6404-42E6-88F9-4E8C04DB6D9D}.Release|x64.Build.0 = Release|Any CPU
		{335C19C0-6404-42E6-88F9-4E8C04DB6D9D}.Release|x86.ActiveCfg = Release|Any CPU
		{335C19C0-6404-42E6-88F9-4E8C04DB6D9D}.Release|x86.Build.0 = Release|Any CPU
		{EE716346-F6FD-4C7E-8454-13F3C97D354E}.Debug|Any CPU.ActiveCfg = Debug|Any CPU
		{EE716346-F6FD-4C7E-8454-13F3C97D354E}.Debug|Any CPU.Build.0 = Debug|Any CPU
		{EE716346-F6FD-4C7E-8454-13F3C97D354E}.Debug|x64.ActiveCfg = Debug|Any CPU
		{EE716346-F6FD-4C7E-8454-13F3C97D354E}.Debug|x64.Build.0 = Debug|Any CPU
		{EE716346-F6FD-4C7E-8454-13F3C97D354E}.Debug|x86.ActiveCfg = Debug|Any CPU
		{EE716346-F6FD-4C7E-8454-13F3C97D354E}.Debug|x86.Build.0 = Debug|Any CPU
		{EE716346-F6FD-4C7E-8454-13F3C97D354E}.Release|Any CPU.ActiveCfg = Release|Any CPU
		{EE716346-F6FD-4C7E-8454-13F3C97D354E}.Release|Any CPU.Build.0 = Release|Any CPU
		{EE716346-F6FD-4C7E-8454-13F3C97D354E}.Release|x64.ActiveCfg = Release|Any CPU
		{EE716346-F6FD-4C7E-8454-13F3C97D354E}.Release|x64.Build.0 = Release|Any CPU
		{EE716346-F6FD-4C7E-8454-13F3C97D354E}.Release|x86.ActiveCfg = Release|Any CPU
		{EE716346-F6FD-4C7E-8454-13F3C97D354E}.Release|x86.Build.0 = Release|Any CPU
		{D17842E5-E025-4A45-B3FE-9B4E4745D839}.Debug|Any CPU.ActiveCfg = Debug|Any CPU
		{D17842E5-E025-4A45-B3FE-9B4E4745D839}.Debug|Any CPU.Build.0 = Debug|Any CPU
		{D17842E5-E025-4A45-B3FE-9B4E4745D839}.Debug|x64.ActiveCfg = Debug|Any CPU
		{D17842E5-E025-4A45-B3FE-9B4E4745D839}.Debug|x64.Build.0 = Debug|Any CPU
		{D17842E5-E025-4A45-B3FE-9B4E4745D839}.Debug|x86.ActiveCfg = Debug|Any CPU
		{D17842E5-E025-4A45-B3FE-9B4E4745D839}.Debug|x86.Build.0 = Debug|Any CPU
		{D17842E5-E025-4A45-B3FE-9B4E4745D839}.Release|Any CPU.ActiveCfg = Release|Any CPU
		{D17842E5-E025-4A45-B3FE-9B4E4745D839}.Release|Any CPU.Build.0 = Release|Any CPU
		{D17842E5-E025-4A45-B3FE-9B4E4745D839}.Release|x64.ActiveCfg = Release|Any CPU
		{D17842E5-E025-4A45-B3FE-9B4E4745D839}.Release|x64.Build.0 = Release|Any CPU
		{D17842E5-E025-4A45-B3FE-9B4E4745D839}.Release|x86.ActiveCfg = Release|Any CPU
		{D17842E5-E025-4A45-B3FE-9B4E4745D839}.Release|x86.Build.0 = Release|Any CPU
		{68FD1E6F-7AF2-4566-B175-ECF7FD847DE4}.Debug|Any CPU.ActiveCfg = Debug|Any CPU
		{68FD1E6F-7AF2-4566-B175-ECF7FD847DE4}.Debug|Any CPU.Build.0 = Debug|Any CPU
		{68FD1E6F-7AF2-4566-B175-ECF7FD847DE4}.Debug|x64.ActiveCfg = Debug|Any CPU
		{68FD1E6F-7AF2-4566-B175-ECF7FD847DE4}.Debug|x64.Build.0 = Debug|Any CPU
		{68FD1E6F-7AF2-4566-B175-ECF7FD847DE4}.Debug|x86.ActiveCfg = Debug|Any CPU
		{68FD1E6F-7AF2-4566-B175-ECF7FD847DE4}.Debug|x86.Build.0 = Debug|Any CPU
		{68FD1E6F-7AF2-4566-B175-ECF7FD847DE4}.Release|Any CPU.ActiveCfg = Release|Any CPU
		{68FD1E6F-7AF2-4566-B175-ECF7FD847DE4}.Release|Any CPU.Build.0 = Release|Any CPU
		{68FD1E6F-7AF2-4566-B175-ECF7FD847DE4}.Release|x64.ActiveCfg = Release|Any CPU
		{68FD1E6F-7AF2-4566-B175-ECF7FD847DE4}.Release|x64.Build.0 = Release|Any CPU
		{68FD1E6F-7AF2-4566-B175-ECF7FD847DE4}.Release|x86.ActiveCfg = Release|Any CPU
		{68FD1E6F-7AF2-4566-B175-ECF7FD847DE4}.Release|x86.Build.0 = Release|Any CPU
	EndGlobalSection
	GlobalSection(SolutionProperties) = preSolution
		HideSolutionNode = FALSE
	EndGlobalSection
	GlobalSection(ExtensibilityGlobals) = postSolution
		SolutionGuid = {77BD50ED-9C2E-4C7D-BA7B-8F0CC4DBA316}
	EndGlobalSection
EndGlobal
